// !$*UTF8*$!
{
	archiveVersion = 1;
	classes = {
	};
	objectVersion = 46;
	objects = {

/* Begin PBXBuildFile section */
		3BF2FD081BAF652B00C5A133 /* SwiftyJSON.framework in Frameworks */ = {isa = PBXBuildFile; fileRef = 3BF2FD031BAF652500C5A133 /* SwiftyJSON.framework */; };
		3BF2FD091BAF652B00C5A133 /* SwiftyJSON.framework in Embed Frameworks */ = {isa = PBXBuildFile; fileRef = 3BF2FD031BAF652500C5A133 /* SwiftyJSON.framework */; settings = {ATTRIBUTES = (CodeSignOnCopy, RemoveHeadersOnCopy, ); }; };
		3BF2FD0D1BAF652F00C5A133 /* Alamofire.framework in Frameworks */ = {isa = PBXBuildFile; fileRef = 3BF2FCCB1BAF64CC00C5A133 /* Alamofire.framework */; };
		3BF2FD0E1BAF652F00C5A133 /* Alamofire.framework in Embed Frameworks */ = {isa = PBXBuildFile; fileRef = 3BF2FCCB1BAF64CC00C5A133 /* Alamofire.framework */; settings = {ATTRIBUTES = (CodeSignOnCopy, RemoveHeadersOnCopy, ); }; };
		64ADD0171BB098FB00F7DD45 /* NotificationHandler.swift in Sources */ = {isa = PBXBuildFile; fileRef = 64ADD0161BB098FB00F7DD45 /* NotificationHandler.swift */; settings = {ASSET_TAGS = (); }; };
		64ADD0191BB09C4300F7DD45 /* ITunesNotificationHandler.swift in Sources */ = {isa = PBXBuildFile; fileRef = 64ADD0181BB09C4300F7DD45 /* ITunesNotificationHandler.swift */; settings = {ASSET_TAGS = (); }; };
		64ADD01B1BB0A35000F7DD45 /* PlaybackChanged.swift in Sources */ = {isa = PBXBuildFile; fileRef = 64ADD01A1BB0A35000F7DD45 /* PlaybackChanged.swift */; settings = {ASSET_TAGS = (); }; };
		64FEFE541BB07D81005D3587 /* Application.swift in Sources */ = {isa = PBXBuildFile; fileRef = 64FEFE531BB07D81005D3587 /* Application.swift */; settings = {ASSET_TAGS = (); }; };
		64FEFE5E1BB07E2F005D3587 /* Command.swift in Sources */ = {isa = PBXBuildFile; fileRef = 64FEFE5D1BB07E2F005D3587 /* Command.swift */; settings = {ASSET_TAGS = (); }; };
		64FEFE641BB084DB005D3587 /* ApplicationController.swift in Sources */ = {isa = PBXBuildFile; fileRef = 64FEFE631BB084DB005D3587 /* ApplicationController.swift */; settings = {ASSET_TAGS = (); }; };
		64FEFE6E1BB08544005D3587 /* SpotifyController.swift in Sources */ = {isa = PBXBuildFile; fileRef = 64FEFE6D1BB08544005D3587 /* SpotifyController.swift */; settings = {ASSET_TAGS = (); }; };
		64FEFE701BB0859E005D3587 /* ITunesController.swift in Sources */ = {isa = PBXBuildFile; fileRef = 64FEFE6F1BB0859E005D3587 /* ITunesController.swift */; settings = {ASSET_TAGS = (); }; };
		D41E988B1BAC6CAB00C0B101 /* AppDelegate.swift in Sources */ = {isa = PBXBuildFile; fileRef = D41E988A1BAC6CAB00C0B101 /* AppDelegate.swift */; };
		D41E988F1BAC6CAB00C0B101 /* Assets.xcassets in Resources */ = {isa = PBXBuildFile; fileRef = D41E988E1BAC6CAB00C0B101 /* Assets.xcassets */; };
		D41E989D1BAC6CAB00C0B101 /* NotifyTests.swift in Sources */ = {isa = PBXBuildFile; fileRef = D41E989C1BAC6CAB00C0B101 /* NotifyTests.swift */; };
		D41E98A81BAC6CAB00C0B101 /* NotifyUITests.swift in Sources */ = {isa = PBXBuildFile; fileRef = D41E98A71BAC6CAB00C0B101 /* NotifyUITests.swift */; };
		D4A857381BB07FD100B3AA5D /* Client.swift in Sources */ = {isa = PBXBuildFile; fileRef = D4A857371BB07FD100B3AA5D /* Client.swift */; settings = {ASSET_TAGS = (); }; };
		D4B98ACC1BAE3BC0006EC82F /* Song.swift in Sources */ = {isa = PBXBuildFile; fileRef = D4B98ACB1BAE3BC0006EC82F /* Song.swift */; settings = {ASSET_TAGS = (); }; };
		D4B98AD01BAE3EBB006EC82F /* SpotifyNotificationHandler.swift in Sources */ = {isa = PBXBuildFile; fileRef = D4B98ACF1BAE3EBB006EC82F /* SpotifyNotificationHandler.swift */; settings = {ASSET_TAGS = (); }; };
		D4B98AD51BAE5192006EC82F /* SystemHelper.swift in Sources */ = {isa = PBXBuildFile; fileRef = D4B98AD41BAE5192006EC82F /* SystemHelper.swift */; settings = {ASSET_TAGS = (); }; };
		D4E333861BAF75E1001938E6 /* MainMenu.xib in Resources */ = {isa = PBXBuildFile; fileRef = D4E333841BAF75E1001938E6 /* MainMenu.xib */; settings = {ASSET_TAGS = (); }; };
/* End PBXBuildFile section */

/* Begin PBXContainerItemProxy section */
		3BF2FCC81BAF64CC00C5A133 /* PBXContainerItemProxy */ = {
			isa = PBXContainerItemProxy;
			containerPortal = 3BF2FCC01BAF64CC00C5A133 /* Alamofire.xcodeproj */;
			proxyType = 2;
			remoteGlobalIDString = F8111E3319A95C8B0040E7D1;
			remoteInfo = "Alamofire iOS";
		};
		3BF2FCCA1BAF64CC00C5A133 /* PBXContainerItemProxy */ = {
			isa = PBXContainerItemProxy;
			containerPortal = 3BF2FCC01BAF64CC00C5A133 /* Alamofire.xcodeproj */;
			proxyType = 2;
			remoteGlobalIDString = 4DD67C0B1A5C55C900ED2280;
			remoteInfo = "Alamofire OSX";
		};
		3BF2FCCC1BAF64CC00C5A133 /* PBXContainerItemProxy */ = {
			isa = PBXContainerItemProxy;
			containerPortal = 3BF2FCC01BAF64CC00C5A133 /* Alamofire.xcodeproj */;
			proxyType = 2;
			remoteGlobalIDString = E4202FE01B667AA100C997FB;
			remoteInfo = "Alamofire watchOS";
		};
		3BF2FCCE1BAF64CC00C5A133 /* PBXContainerItemProxy */ = {
			isa = PBXContainerItemProxy;
			containerPortal = 3BF2FCC01BAF64CC00C5A133 /* Alamofire.xcodeproj */;
			proxyType = 2;
			remoteGlobalIDString = F8111E3E19A95C8B0040E7D1;
			remoteInfo = "Alamofire iOS Tests";
		};
		3BF2FCD01BAF64CC00C5A133 /* PBXContainerItemProxy */ = {
			isa = PBXContainerItemProxy;
			containerPortal = 3BF2FCC01BAF64CC00C5A133 /* Alamofire.xcodeproj */;
			proxyType = 2;
			remoteGlobalIDString = F829C6B21A7A94F100A2CD59;
			remoteInfo = "Alamofire OSX Tests";
		};
		3BF2FCFE1BAF652500C5A133 /* PBXContainerItemProxy */ = {
			isa = PBXContainerItemProxy;
			containerPortal = 3BF2FCF61BAF652400C5A133 /* SwiftyJSON.xcodeproj */;
			proxyType = 2;
			remoteGlobalIDString = 2E4FEFDB19575BE100351305;
			remoteInfo = "SwiftyJSON iOS";
		};
		3BF2FD001BAF652500C5A133 /* PBXContainerItemProxy */ = {
			isa = PBXContainerItemProxy;
			containerPortal = 3BF2FCF61BAF652400C5A133 /* SwiftyJSON.xcodeproj */;
			proxyType = 2;
			remoteGlobalIDString = 2E4FEFE619575BE100351305;
			remoteInfo = "SwiftyJSON iOS Tests";
		};
		3BF2FD021BAF652500C5A133 /* PBXContainerItemProxy */ = {
			isa = PBXContainerItemProxy;
			containerPortal = 3BF2FCF61BAF652400C5A133 /* SwiftyJSON.xcodeproj */;
			proxyType = 2;
			remoteGlobalIDString = 9C7DFC5B1A9102BD005AA3F7;
			remoteInfo = "SwiftyJSON OSX";
		};
		3BF2FD041BAF652500C5A133 /* PBXContainerItemProxy */ = {
			isa = PBXContainerItemProxy;
			containerPortal = 3BF2FCF61BAF652400C5A133 /* SwiftyJSON.xcodeproj */;
			proxyType = 2;
			remoteGlobalIDString = 9C7DFC651A9102BD005AA3F7;
			remoteInfo = "SwiftyJSON OSX Tests";
		};
		3BF2FD061BAF652500C5A133 /* PBXContainerItemProxy */ = {
			isa = PBXContainerItemProxy;
			containerPortal = 3BF2FCF61BAF652400C5A133 /* SwiftyJSON.xcodeproj */;
			proxyType = 2;
			remoteGlobalIDString = E4D7CCE81B9465A700EE7221;
			remoteInfo = "SwiftyJSON watchOS";
		};
		3BF2FD0A1BAF652B00C5A133 /* PBXContainerItemProxy */ = {
			isa = PBXContainerItemProxy;
			containerPortal = 3BF2FCF61BAF652400C5A133 /* SwiftyJSON.xcodeproj */;
			proxyType = 1;
			remoteGlobalIDString = 9C7DFC5A1A9102BD005AA3F7;
			remoteInfo = "SwiftyJSON OSX";
		};
		3BF2FD0F1BAF652F00C5A133 /* PBXContainerItemProxy */ = {
			isa = PBXContainerItemProxy;
			containerPortal = 3BF2FCC01BAF64CC00C5A133 /* Alamofire.xcodeproj */;
			proxyType = 1;
			remoteGlobalIDString = 4DD67C0A1A5C55C900ED2280;
			remoteInfo = "Alamofire OSX";
		};
		D41E98991BAC6CAB00C0B101 /* PBXContainerItemProxy */ = {
			isa = PBXContainerItemProxy;
			containerPortal = D41E987F1BAC6CAB00C0B101 /* Project object */;
			proxyType = 1;
			remoteGlobalIDString = D41E98861BAC6CAB00C0B101;
			remoteInfo = Notify;
		};
		D41E98A41BAC6CAB00C0B101 /* PBXContainerItemProxy */ = {
			isa = PBXContainerItemProxy;
			containerPortal = D41E987F1BAC6CAB00C0B101 /* Project object */;
			proxyType = 1;
			remoteGlobalIDString = D41E98861BAC6CAB00C0B101;
			remoteInfo = Notify;
		};
/* End PBXContainerItemProxy section */

/* Begin PBXCopyFilesBuildPhase section */
		3BF2FD0C1BAF652B00C5A133 /* Embed Frameworks */ = {
			isa = PBXCopyFilesBuildPhase;
			buildActionMask = 2147483647;
			dstPath = "";
			dstSubfolderSpec = 10;
			files = (
				3BF2FD091BAF652B00C5A133 /* SwiftyJSON.framework in Embed Frameworks */,
				3BF2FD0E1BAF652F00C5A133 /* Alamofire.framework in Embed Frameworks */,
			);
			name = "Embed Frameworks";
			runOnlyForDeploymentPostprocessing = 0;
		};
/* End PBXCopyFilesBuildPhase section */

/* Begin PBXFileReference section */
		3BF2FCC01BAF64CC00C5A133 /* Alamofire.xcodeproj */ = {isa = PBXFileReference; lastKnownFileType = "wrapper.pb-project"; name = Alamofire.xcodeproj; path = Alamofire/Alamofire.xcodeproj; sourceTree = "<group>"; };
		3BF2FCF61BAF652400C5A133 /* SwiftyJSON.xcodeproj */ = {isa = PBXFileReference; lastKnownFileType = "wrapper.pb-project"; name = SwiftyJSON.xcodeproj; path = SwiftyJSON/SwiftyJSON.xcodeproj; sourceTree = "<group>"; };
		64ADD0161BB098FB00F7DD45 /* NotificationHandler.swift */ = {isa = PBXFileReference; fileEncoding = 4; lastKnownFileType = sourcecode.swift; path = NotificationHandler.swift; sourceTree = "<group>"; };
		64ADD0181BB09C4300F7DD45 /* ITunesNotificationHandler.swift */ = {isa = PBXFileReference; fileEncoding = 4; lastKnownFileType = sourcecode.swift; path = ITunesNotificationHandler.swift; sourceTree = "<group>"; };
		64ADD01A1BB0A35000F7DD45 /* PlaybackChanged.swift */ = {isa = PBXFileReference; fileEncoding = 4; lastKnownFileType = sourcecode.swift; path = PlaybackChanged.swift; sourceTree = "<group>"; };
		64FEFE531BB07D81005D3587 /* Application.swift */ = {isa = PBXFileReference; fileEncoding = 4; lastKnownFileType = sourcecode.swift; path = Application.swift; sourceTree = "<group>"; };
		64FEFE5D1BB07E2F005D3587 /* Command.swift */ = {isa = PBXFileReference; fileEncoding = 4; lastKnownFileType = sourcecode.swift; path = Command.swift; sourceTree = "<group>"; };
		64FEFE631BB084DB005D3587 /* ApplicationController.swift */ = {isa = PBXFileReference; fileEncoding = 4; lastKnownFileType = sourcecode.swift; path = ApplicationController.swift; sourceTree = "<group>"; };
		64FEFE6D1BB08544005D3587 /* SpotifyController.swift */ = {isa = PBXFileReference; fileEncoding = 4; lastKnownFileType = sourcecode.swift; path = SpotifyController.swift; sourceTree = "<group>"; };
		64FEFE6F1BB0859E005D3587 /* ITunesController.swift */ = {isa = PBXFileReference; fileEncoding = 4; lastKnownFileType = sourcecode.swift; path = ITunesController.swift; sourceTree = "<group>"; };
		D41E98871BAC6CAB00C0B101 /* Notify.app */ = {isa = PBXFileReference; explicitFileType = wrapper.application; includeInIndex = 0; path = Notify.app; sourceTree = BUILT_PRODUCTS_DIR; };
		D41E988A1BAC6CAB00C0B101 /* AppDelegate.swift */ = {isa = PBXFileReference; lastKnownFileType = sourcecode.swift; path = AppDelegate.swift; sourceTree = "<group>"; };
		D41E988E1BAC6CAB00C0B101 /* Assets.xcassets */ = {isa = PBXFileReference; lastKnownFileType = folder.assetcatalog; path = Assets.xcassets; sourceTree = "<group>"; };
		D41E98931BAC6CAB00C0B101 /* Info.plist */ = {isa = PBXFileReference; lastKnownFileType = text.plist.xml; path = Info.plist; sourceTree = "<group>"; };
		D41E98981BAC6CAB00C0B101 /* NotifyTests.xctest */ = {isa = PBXFileReference; explicitFileType = wrapper.cfbundle; includeInIndex = 0; path = NotifyTests.xctest; sourceTree = BUILT_PRODUCTS_DIR; };
		D41E989C1BAC6CAB00C0B101 /* NotifyTests.swift */ = {isa = PBXFileReference; lastKnownFileType = sourcecode.swift; path = NotifyTests.swift; sourceTree = "<group>"; };
		D41E989E1BAC6CAB00C0B101 /* Info.plist */ = {isa = PBXFileReference; lastKnownFileType = text.plist.xml; path = Info.plist; sourceTree = "<group>"; };
		D41E98A31BAC6CAB00C0B101 /* NotifyUITests.xctest */ = {isa = PBXFileReference; explicitFileType = wrapper.cfbundle; includeInIndex = 0; path = NotifyUITests.xctest; sourceTree = BUILT_PRODUCTS_DIR; };
		D41E98A71BAC6CAB00C0B101 /* NotifyUITests.swift */ = {isa = PBXFileReference; lastKnownFileType = sourcecode.swift; path = NotifyUITests.swift; sourceTree = "<group>"; };
		D41E98A91BAC6CAB00C0B101 /* Info.plist */ = {isa = PBXFileReference; lastKnownFileType = text.plist.xml; path = Info.plist; sourceTree = "<group>"; };
		D4A857371BB07FD100B3AA5D /* Client.swift */ = {isa = PBXFileReference; fileEncoding = 4; lastKnownFileType = sourcecode.swift; name = Client.swift; path = "System Helpers/Client.swift"; sourceTree = "<group>"; };
		D4B98ACB1BAE3BC0006EC82F /* Song.swift */ = {isa = PBXFileReference; fileEncoding = 4; lastKnownFileType = sourcecode.swift; name = Song.swift; path = Objects/Song.swift; sourceTree = "<group>"; };
		D4B98ACF1BAE3EBB006EC82F /* SpotifyNotificationHandler.swift */ = {isa = PBXFileReference; fileEncoding = 4; lastKnownFileType = sourcecode.swift; name = SpotifyNotificationHandler.swift; path = Handlers/SpotifyNotificationHandler.swift; sourceTree = "<group>"; };
		D4B98AD41BAE5192006EC82F /* SystemHelper.swift */ = {isa = PBXFileReference; fileEncoding = 4; lastKnownFileType = sourcecode.swift; name = SystemHelper.swift; path = "System Helpers/SystemHelper.swift"; sourceTree = "<group>"; };
		D4E333851BAF75E1001938E6 /* Base */ = {isa = PBXFileReference; lastKnownFileType = file.xib; name = Base; path = Base.lproj/MainMenu.xib; sourceTree = "<group>"; };
/* End PBXFileReference section */

/* Begin PBXFrameworksBuildPhase section */
		D41E98841BAC6CAB00C0B101 /* Frameworks */ = {
			isa = PBXFrameworksBuildPhase;
			buildActionMask = 2147483647;
			files = (
				3BF2FD081BAF652B00C5A133 /* SwiftyJSON.framework in Frameworks */,
				3BF2FD0D1BAF652F00C5A133 /* Alamofire.framework in Frameworks */,
			);
			runOnlyForDeploymentPostprocessing = 0;
		};
		D41E98951BAC6CAB00C0B101 /* Frameworks */ = {
			isa = PBXFrameworksBuildPhase;
			buildActionMask = 2147483647;
			files = (
			);
			runOnlyForDeploymentPostprocessing = 0;
		};
		D41E98A01BAC6CAB00C0B101 /* Frameworks */ = {
			isa = PBXFrameworksBuildPhase;
			buildActionMask = 2147483647;
			files = (
			);
			runOnlyForDeploymentPostprocessing = 0;
		};
/* End PBXFrameworksBuildPhase section */

/* Begin PBXGroup section */
		3BF2FCC11BAF64CC00C5A133 /* Products */ = {
			isa = PBXGroup;
			children = (
				3BF2FCC91BAF64CC00C5A133 /* Alamofire.framework */,
				3BF2FCCB1BAF64CC00C5A133 /* Alamofire.framework */,
				3BF2FCCD1BAF64CC00C5A133 /* Alamofire.framework */,
				3BF2FCCF1BAF64CC00C5A133 /* Alamofire iOS Tests.xctest */,
				3BF2FCD11BAF64CC00C5A133 /* Alamofire OSX Tests.xctest */,
			);
			name = Products;
			sourceTree = "<group>";
		};
		3BF2FCF71BAF652400C5A133 /* Products */ = {
			isa = PBXGroup;
			children = (
				3BF2FCFF1BAF652500C5A133 /* SwiftyJSON.framework */,
				3BF2FD011BAF652500C5A133 /* SwiftyJSON iOS Tests.xctest */,
				3BF2FD031BAF652500C5A133 /* SwiftyJSON.framework */,
				3BF2FD051BAF652500C5A133 /* SwiftyJSON OSX Tests.xctest */,
				3BF2FD071BAF652500C5A133 /* SwiftyJSON.framework */,
			);
			name = Products;
			sourceTree = "<group>";
		};
		64FEFE711BB085D1005D3587 /* Controllers */ = {
			isa = PBXGroup;
			children = (
				64FEFE631BB084DB005D3587 /* ApplicationController.swift */,
				64FEFE6D1BB08544005D3587 /* SpotifyController.swift */,
				64FEFE6F1BB0859E005D3587 /* ITunesController.swift */,
			);
			name = Controllers;
			sourceTree = "<group>";
		};
		64FEFE721BB085E8005D3587 /* Enum */ = {
			isa = PBXGroup;
			children = (
				D4A857371BB07FD100B3AA5D /* Client.swift */,
				64FEFE531BB07D81005D3587 /* Application.swift */,
				64FEFE5D1BB07E2F005D3587 /* Command.swift */,
				64ADD01A1BB0A35000F7DD45 /* PlaybackChanged.swift */,
			);
			name = Enum;
			sourceTree = "<group>";
		};
		D41E987E1BAC6CAB00C0B101 = {
			isa = PBXGroup;
			children = (
				D41E98891BAC6CAB00C0B101 /* Notify */,
				D41E989B1BAC6CAB00C0B101 /* NotifyTests */,
				D41E98A61BAC6CAB00C0B101 /* NotifyUITests */,
				D41E98881BAC6CAB00C0B101 /* Products */,
				3BF2FCF61BAF652400C5A133 /* SwiftyJSON.xcodeproj */,
				3BF2FCC01BAF64CC00C5A133 /* Alamofire.xcodeproj */,
			);
			sourceTree = "<group>";
		};
		D41E98881BAC6CAB00C0B101 /* Products */ = {
			isa = PBXGroup;
			children = (
				D41E98871BAC6CAB00C0B101 /* Notify.app */,
				D41E98981BAC6CAB00C0B101 /* NotifyTests.xctest */,
				D41E98A31BAC6CAB00C0B101 /* NotifyUITests.xctest */,
			);
			name = Products;
			sourceTree = "<group>";
		};
		D41E98891BAC6CAB00C0B101 /* Notify */ = {
			isa = PBXGroup;
			children = (
				D4E333841BAF75E1001938E6 /* MainMenu.xib */,
				D4B98AD11BAE5167006EC82F /* System Helpers */,
				D4B98ACE1BAE3EA4006EC82F /* Handlers */,
				D4B98ACD1BAE3BC4006EC82F /* Objects */,
				D41E988A1BAC6CAB00C0B101 /* AppDelegate.swift */,
				D41E988E1BAC6CAB00C0B101 /* Assets.xcassets */,
				D41E98931BAC6CAB00C0B101 /* Info.plist */,
			);
			path = Notify;
			sourceTree = "<group>";
		};
		D41E989B1BAC6CAB00C0B101 /* NotifyTests */ = {
			isa = PBXGroup;
			children = (
				D41E989C1BAC6CAB00C0B101 /* NotifyTests.swift */,
				D41E989E1BAC6CAB00C0B101 /* Info.plist */,
			);
			path = NotifyTests;
			sourceTree = "<group>";
		};
		D41E98A61BAC6CAB00C0B101 /* NotifyUITests */ = {
			isa = PBXGroup;
			children = (
				D41E98A71BAC6CAB00C0B101 /* NotifyUITests.swift */,
				D41E98A91BAC6CAB00C0B101 /* Info.plist */,
			);
			path = NotifyUITests;
			sourceTree = "<group>";
		};
		D4B98ACD1BAE3BC4006EC82F /* Objects */ = {
			isa = PBXGroup;
			children = (
				64FEFE721BB085E8005D3587 /* Enum */,
				64FEFE711BB085D1005D3587 /* Controllers */,
				D4B98ACB1BAE3BC0006EC82F /* Song.swift */,
			);
			name = Objects;
			sourceTree = "<group>";
		};
		D4B98ACE1BAE3EA4006EC82F /* Handlers */ = {
			isa = PBXGroup;
			children = (
				D4B98ACF1BAE3EBB006EC82F /* SpotifyNotificationHandler.swift */,
				64ADD0161BB098FB00F7DD45 /* NotificationHandler.swift */,
				64ADD0181BB09C4300F7DD45 /* ITunesNotificationHandler.swift */,
			);
			name = Handlers;
			sourceTree = "<group>";
		};
		D4B98AD11BAE5167006EC82F /* System Helpers */ = {
			isa = PBXGroup;
			children = (
				D4B98AD41BAE5192006EC82F /* SystemHelper.swift */,
			);
			name = "System Helpers";
			sourceTree = "<group>";
		};
/* End PBXGroup section */

/* Begin PBXNativeTarget section */
		D41E98861BAC6CAB00C0B101 /* Notify */ = {
			isa = PBXNativeTarget;
			buildConfigurationList = D41E98AC1BAC6CAB00C0B101 /* Build configuration list for PBXNativeTarget "Notify" */;
			buildPhases = (
				D41E98831BAC6CAB00C0B101 /* Sources */,
				D41E98841BAC6CAB00C0B101 /* Frameworks */,
				D41E98851BAC6CAB00C0B101 /* Resources */,
				3BF2FD0C1BAF652B00C5A133 /* Embed Frameworks */,
				646598AB1BB1BF9D00BF0569 /* ShellScript */,
				646598B41BB1BFAD00BF0569 /* ShellScript */,
				646598B51BB1BFD300BF0569 /* ShellScript */,
			);
			buildRules = (
			);
			dependencies = (
				3BF2FD0B1BAF652B00C5A133 /* PBXTargetDependency */,
				3BF2FD101BAF652F00C5A133 /* PBXTargetDependency */,
			);
			name = Notify;
			productName = Notify;
			productReference = D41E98871BAC6CAB00C0B101 /* Notify.app */;
			productType = "com.apple.product-type.application";
		};
		D41E98971BAC6CAB00C0B101 /* NotifyTests */ = {
			isa = PBXNativeTarget;
			buildConfigurationList = D41E98AF1BAC6CAB00C0B101 /* Build configuration list for PBXNativeTarget "NotifyTests" */;
			buildPhases = (
				D41E98941BAC6CAB00C0B101 /* Sources */,
				D41E98951BAC6CAB00C0B101 /* Frameworks */,
				D41E98961BAC6CAB00C0B101 /* Resources */,
			);
			buildRules = (
			);
			dependencies = (
				D41E989A1BAC6CAB00C0B101 /* PBXTargetDependency */,
			);
			name = NotifyTests;
			productName = NotifyTests;
			productReference = D41E98981BAC6CAB00C0B101 /* NotifyTests.xctest */;
			productType = "com.apple.product-type.bundle.unit-test";
		};
		D41E98A21BAC6CAB00C0B101 /* NotifyUITests */ = {
			isa = PBXNativeTarget;
			buildConfigurationList = D41E98B21BAC6CAB00C0B101 /* Build configuration list for PBXNativeTarget "NotifyUITests" */;
			buildPhases = (
				D41E989F1BAC6CAB00C0B101 /* Sources */,
				D41E98A01BAC6CAB00C0B101 /* Frameworks */,
				D41E98A11BAC6CAB00C0B101 /* Resources */,
			);
			buildRules = (
			);
			dependencies = (
				D41E98A51BAC6CAB00C0B101 /* PBXTargetDependency */,
			);
			name = NotifyUITests;
			productName = NotifyUITests;
			productReference = D41E98A31BAC6CAB00C0B101 /* NotifyUITests.xctest */;
			productType = "com.apple.product-type.bundle.ui-testing";
		};
/* End PBXNativeTarget section */

/* Begin PBXProject section */
		D41E987F1BAC6CAB00C0B101 /* Project object */ = {
			isa = PBXProject;
			attributes = {
				LastUpgradeCheck = 0700;
				ORGANIZATIONNAME = "David Aghassi";
				TargetAttributes = {
					D41E98861BAC6CAB00C0B101 = {
						CreatedOnToolsVersion = 7.0;
					};
					D41E98971BAC6CAB00C0B101 = {
						CreatedOnToolsVersion = 7.0;
						TestTargetID = D41E98861BAC6CAB00C0B101;
					};
					D41E98A21BAC6CAB00C0B101 = {
						CreatedOnToolsVersion = 7.0;
						TestTargetID = D41E98861BAC6CAB00C0B101;
					};
				};
			};
			buildConfigurationList = D41E98821BAC6CAB00C0B101 /* Build configuration list for PBXProject "Notify" */;
			compatibilityVersion = "Xcode 3.2";
			developmentRegion = English;
			hasScannedForEncodings = 0;
			knownRegions = (
				en,
				Base,
			);
			mainGroup = D41E987E1BAC6CAB00C0B101;
			productRefGroup = D41E98881BAC6CAB00C0B101 /* Products */;
			projectDirPath = "";
			projectReferences = (
				{
					ProductGroup = 3BF2FCC11BAF64CC00C5A133 /* Products */;
					ProjectRef = 3BF2FCC01BAF64CC00C5A133 /* Alamofire.xcodeproj */;
				},
				{
					ProductGroup = 3BF2FCF71BAF652400C5A133 /* Products */;
					ProjectRef = 3BF2FCF61BAF652400C5A133 /* SwiftyJSON.xcodeproj */;
				},
			);
			projectRoot = "";
			targets = (
				D41E98861BAC6CAB00C0B101 /* Notify */,
				D41E98971BAC6CAB00C0B101 /* NotifyTests */,
				D41E98A21BAC6CAB00C0B101 /* NotifyUITests */,
			);
		};
/* End PBXProject section */

/* Begin PBXReferenceProxy section */
		3BF2FCC91BAF64CC00C5A133 /* Alamofire.framework */ = {
			isa = PBXReferenceProxy;
			fileType = wrapper.framework;
			path = Alamofire.framework;
			remoteRef = 3BF2FCC81BAF64CC00C5A133 /* PBXContainerItemProxy */;
			sourceTree = BUILT_PRODUCTS_DIR;
		};
		3BF2FCCB1BAF64CC00C5A133 /* Alamofire.framework */ = {
			isa = PBXReferenceProxy;
			fileType = wrapper.framework;
			path = Alamofire.framework;
			remoteRef = 3BF2FCCA1BAF64CC00C5A133 /* PBXContainerItemProxy */;
			sourceTree = BUILT_PRODUCTS_DIR;
		};
		3BF2FCCD1BAF64CC00C5A133 /* Alamofire.framework */ = {
			isa = PBXReferenceProxy;
			fileType = wrapper.framework;
			path = Alamofire.framework;
			remoteRef = 3BF2FCCC1BAF64CC00C5A133 /* PBXContainerItemProxy */;
			sourceTree = BUILT_PRODUCTS_DIR;
		};
		3BF2FCCF1BAF64CC00C5A133 /* Alamofire iOS Tests.xctest */ = {
			isa = PBXReferenceProxy;
			fileType = wrapper.cfbundle;
			path = "Alamofire iOS Tests.xctest";
			remoteRef = 3BF2FCCE1BAF64CC00C5A133 /* PBXContainerItemProxy */;
			sourceTree = BUILT_PRODUCTS_DIR;
		};
		3BF2FCD11BAF64CC00C5A133 /* Alamofire OSX Tests.xctest */ = {
			isa = PBXReferenceProxy;
			fileType = wrapper.cfbundle;
			path = "Alamofire OSX Tests.xctest";
			remoteRef = 3BF2FCD01BAF64CC00C5A133 /* PBXContainerItemProxy */;
			sourceTree = BUILT_PRODUCTS_DIR;
		};
		3BF2FCFF1BAF652500C5A133 /* SwiftyJSON.framework */ = {
			isa = PBXReferenceProxy;
			fileType = wrapper.framework;
			path = SwiftyJSON.framework;
			remoteRef = 3BF2FCFE1BAF652500C5A133 /* PBXContainerItemProxy */;
			sourceTree = BUILT_PRODUCTS_DIR;
		};
		3BF2FD011BAF652500C5A133 /* SwiftyJSON iOS Tests.xctest */ = {
			isa = PBXReferenceProxy;
			fileType = wrapper.cfbundle;
			path = "SwiftyJSON iOS Tests.xctest";
			remoteRef = 3BF2FD001BAF652500C5A133 /* PBXContainerItemProxy */;
			sourceTree = BUILT_PRODUCTS_DIR;
		};
		3BF2FD031BAF652500C5A133 /* SwiftyJSON.framework */ = {
			isa = PBXReferenceProxy;
			fileType = wrapper.framework;
			path = SwiftyJSON.framework;
			remoteRef = 3BF2FD021BAF652500C5A133 /* PBXContainerItemProxy */;
			sourceTree = BUILT_PRODUCTS_DIR;
		};
		3BF2FD051BAF652500C5A133 /* SwiftyJSON OSX Tests.xctest */ = {
			isa = PBXReferenceProxy;
			fileType = wrapper.cfbundle;
			path = "SwiftyJSON OSX Tests.xctest";
			remoteRef = 3BF2FD041BAF652500C5A133 /* PBXContainerItemProxy */;
			sourceTree = BUILT_PRODUCTS_DIR;
		};
		3BF2FD071BAF652500C5A133 /* SwiftyJSON.framework */ = {
			isa = PBXReferenceProxy;
			fileType = wrapper.framework;
			path = SwiftyJSON.framework;
			remoteRef = 3BF2FD061BAF652500C5A133 /* PBXContainerItemProxy */;
			sourceTree = BUILT_PRODUCTS_DIR;
		};
/* End PBXReferenceProxy section */

/* Begin PBXResourcesBuildPhase section */
		D41E98851BAC6CAB00C0B101 /* Resources */ = {
			isa = PBXResourcesBuildPhase;
			buildActionMask = 2147483647;
			files = (
				D41E988F1BAC6CAB00C0B101 /* Assets.xcassets in Resources */,
				D4E333861BAF75E1001938E6 /* MainMenu.xib in Resources */,
			);
			runOnlyForDeploymentPostprocessing = 0;
		};
		D41E98961BAC6CAB00C0B101 /* Resources */ = {
			isa = PBXResourcesBuildPhase;
			buildActionMask = 2147483647;
			files = (
			);
			runOnlyForDeploymentPostprocessing = 0;
		};
		D41E98A11BAC6CAB00C0B101 /* Resources */ = {
			isa = PBXResourcesBuildPhase;
			buildActionMask = 2147483647;
			files = (
			);
			runOnlyForDeploymentPostprocessing = 0;
		};
/* End PBXResourcesBuildPhase section */

/* Begin PBXShellScriptBuildPhase section */
		646598AB1BB1BF9D00BF0569 /* ShellScript */ = {
			isa = PBXShellScriptBuildPhase;
			buildActionMask = 2147483647;
			files = (
			);
			inputPaths = (
			);
			outputPaths = (
			);
			runOnlyForDeploymentPostprocessing = 0;
			shellPath = /bin/bash;
			shellScript = "#Create a R/W DMG\nimage=\"icon_128x128.png\"\ndir=\"$TEMP_FILES_DIR/disk\"\ndmg=\"$BUILT_PRODUCTS_DIR/$PRODUCT_NAME.temp.dmg\"\n\nrm -rf \"$dir\"\nmkdir \"$dir\"\ncp -R \"$BUILT_PRODUCTS_DIR/$PRODUCT_NAME.app\" \"$dir\"\nln -s \"/Applications\" \"$dir/Applications\"\nmkdir \"$dir/.background\"\ncp \"$PROJECT_DIR/$PROJECT_NAME/Assets.xcassets/AppIcon.appiconset/$image\" \"$dir/.background\"\nrm -f \"$dmg\"\nhdiutil create \"$dmg\" -srcfolder \"$dir\" -volname \"$PRODUCT_NAME\" -format UDRW\n\n#Mount the disk image, and store the device name\nhdiutil attach \"$dmg\" -noverify -noautoopen -readwrite";
		};
		646598B41BB1BFAD00BF0569 /* ShellScript */ = {
			isa = PBXShellScriptBuildPhase;
			buildActionMask = 2147483647;
			files = (
			);
			inputPaths = (
			);
			outputPaths = (
			);
			runOnlyForDeploymentPostprocessing = 0;
			shellPath = /usr/bin/osascript;
			shellScript = "#get the dimensions of the main window using a bash script\nset {width, height, scale} to words of (do shell script \"system_profiler SPDisplaysDataType | awk '/Main Display: Yes/{found=1} /Resolution/{width=$2; height=$4} /Retina/{scale=($2 == \\\"Yes\\\" ? 2 : 1)} /^ {8}[^ ]+/{if(found) {exit}; scale=1} END{printf \\\"%d %d %d\\\\n\\\", width, height, scale}'\")\nset x to ((width / 2) / scale)\nset y to ((height / 2) / scale)\n\n#get the product name using a bash script\nset {product_name} to words of (do shell script \"printf \\\"%s\\\", $PRODUCT_NAME\")\n\ntell application \"Finder\"\n    tell disk product_name\n        open\n        set current view of container window to icon view\n        set toolbar visible of container window to false\n        set statusbar visible of container window to false\n        set the bounds of container window to {x, y, x + 512, y + 128}\n        set theViewOptions to the icon view options of container window\n        set arrangement of theViewOptions to not arranged\n        set icon size of theViewOptions to 128\n        set position of item (product_name & \".app\") of container window to {100, 100}\n        set position of item \"Applications\" of container window to {375, 100}\n        update without registering applications\n        close\n    end tell\nend tell";
		};
		646598B51BB1BFD300BF0569 /* ShellScript */ = {
			isa = PBXShellScriptBuildPhase;
			buildActionMask = 2147483647;
			files = (
			);
			inputPaths = (
			);
			outputPaths = (
			);
			runOnlyForDeploymentPostprocessing = 0;
			shellPath = /bin/bash;
			shellScript = "#!/bin/bash\nimage=\"icon_128x128.png\"\ndir=\"$TEMP_FILES_DIR/disk\"\ndist=\"$PROJECT_DIR/dist\"\ncp \"$PROJECT_DIR/$PROJECT_NAME/Assets.xcassets/AppIcon.appiconset/$image\" \"$dir/\"\n\n#unmount the temp image file, then convert it to final image file\nsync\nsync\nhdiutil detach /Volumes/$PRODUCT_NAME\nrm -f \"$BUILT_PRODUCTS_DIR/$PRODUCT_NAME.dmg\"\nhdiutil convert \"$BUILT_PRODUCTS_DIR/$PRODUCT_NAME.temp.dmg\" -format UDZO -imagekey zlib-level=9 -o \"$BUILT_PRODUCTS_DIR/$PRODUCT_NAME.dmg\"\nrm -f \"$BUILT_PRODUCTS_DIR/$PRODUCT_NAME.temp.dmg\"\n\n#Change the icon of the image file\nsips -i \"$dir/$image\"\nDeRez -only icns \"$dir/$image\" > \"$dir/tmpicns.rsrc\"\nRez -append \"$dir/tmpicns.rsrc\" -o \"$BUILT_PRODUCTS_DIR/$PRODUCT_NAME.dmg\"\nSetFile -a C \"$BUILT_PRODUCTS_DIR/$PRODUCT_NAME.dmg\"\n\nrm -rf \"$dir\"\n\n[ -d $dist ] || mkdir $dist\nmv \"$BUILT_PRODUCTS_DIR/$PRODUCT_NAME.dmg\" \"$dist/$PRODUCT_NAME.dmg\"";
		};
/* End PBXShellScriptBuildPhase section */

/* Begin PBXSourcesBuildPhase section */
		D41E98831BAC6CAB00C0B101 /* Sources */ = {
			isa = PBXSourcesBuildPhase;
			buildActionMask = 2147483647;
			files = (
				64FEFE541BB07D81005D3587 /* Application.swift in Sources */,
				D4A857381BB07FD100B3AA5D /* Client.swift in Sources */,
				D4B98ACC1BAE3BC0006EC82F /* Song.swift in Sources */,
				64ADD0171BB098FB00F7DD45 /* NotificationHandler.swift in Sources */,
				64FEFE641BB084DB005D3587 /* ApplicationController.swift in Sources */,
				D4B98AD51BAE5192006EC82F /* SystemHelper.swift in Sources */,
				64FEFE6E1BB08544005D3587 /* SpotifyController.swift in Sources */,
				D4B98AD01BAE3EBB006EC82F /* SpotifyNotificationHandler.swift in Sources */,
				D41E988B1BAC6CAB00C0B101 /* AppDelegate.swift in Sources */,
				64FEFE701BB0859E005D3587 /* ITunesController.swift in Sources */,
				64ADD01B1BB0A35000F7DD45 /* PlaybackChanged.swift in Sources */,
				64FEFE5E1BB07E2F005D3587 /* Command.swift in Sources */,
				64ADD0191BB09C4300F7DD45 /* ITunesNotificationHandler.swift in Sources */,
			);
			runOnlyForDeploymentPostprocessing = 0;
		};
		D41E98941BAC6CAB00C0B101 /* Sources */ = {
			isa = PBXSourcesBuildPhase;
			buildActionMask = 2147483647;
			files = (
				D41E989D1BAC6CAB00C0B101 /* NotifyTests.swift in Sources */,
			);
			runOnlyForDeploymentPostprocessing = 0;
		};
		D41E989F1BAC6CAB00C0B101 /* Sources */ = {
			isa = PBXSourcesBuildPhase;
			buildActionMask = 2147483647;
			files = (
				D41E98A81BAC6CAB00C0B101 /* NotifyUITests.swift in Sources */,
			);
			runOnlyForDeploymentPostprocessing = 0;
		};
/* End PBXSourcesBuildPhase section */

/* Begin PBXTargetDependency section */
		3BF2FD0B1BAF652B00C5A133 /* PBXTargetDependency */ = {
			isa = PBXTargetDependency;
			name = "SwiftyJSON OSX";
			targetProxy = 3BF2FD0A1BAF652B00C5A133 /* PBXContainerItemProxy */;
		};
		3BF2FD101BAF652F00C5A133 /* PBXTargetDependency */ = {
			isa = PBXTargetDependency;
			name = "Alamofire OSX";
			targetProxy = 3BF2FD0F1BAF652F00C5A133 /* PBXContainerItemProxy */;
		};
		D41E989A1BAC6CAB00C0B101 /* PBXTargetDependency */ = {
			isa = PBXTargetDependency;
			target = D41E98861BAC6CAB00C0B101 /* Notify */;
			targetProxy = D41E98991BAC6CAB00C0B101 /* PBXContainerItemProxy */;
		};
		D41E98A51BAC6CAB00C0B101 /* PBXTargetDependency */ = {
			isa = PBXTargetDependency;
			target = D41E98861BAC6CAB00C0B101 /* Notify */;
			targetProxy = D41E98A41BAC6CAB00C0B101 /* PBXContainerItemProxy */;
		};
/* End PBXTargetDependency section */

/* Begin PBXVariantGroup section */
		D4E333841BAF75E1001938E6 /* MainMenu.xib */ = {
			isa = PBXVariantGroup;
			children = (
				D4E333851BAF75E1001938E6 /* Base */,
			);
			name = MainMenu.xib;
			sourceTree = "<group>";
		};
/* End PBXVariantGroup section */

/* Begin XCBuildConfiguration section */
		D41E98AA1BAC6CAB00C0B101 /* Debug */ = {
			isa = XCBuildConfiguration;
			buildSettings = {
				ALWAYS_SEARCH_USER_PATHS = NO;
				CLANG_CXX_LANGUAGE_STANDARD = "gnu++0x";
				CLANG_CXX_LIBRARY = "libc++";
				CLANG_ENABLE_MODULES = YES;
				CLANG_ENABLE_OBJC_ARC = YES;
				CLANG_WARN_BOOL_CONVERSION = YES;
				CLANG_WARN_CONSTANT_CONVERSION = YES;
				CLANG_WARN_DIRECT_OBJC_ISA_USAGE = YES_ERROR;
				CLANG_WARN_EMPTY_BODY = YES;
				CLANG_WARN_ENUM_CONVERSION = YES;
				CLANG_WARN_INT_CONVERSION = YES;
				CLANG_WARN_OBJC_ROOT_CLASS = YES_ERROR;
				CLANG_WARN_UNREACHABLE_CODE = YES;
				CLANG_WARN__DUPLICATE_METHOD_MATCH = YES;
				CODE_SIGN_IDENTITY = "-";
				COPY_PHASE_STRIP = NO;
				DEBUG_INFORMATION_FORMAT = dwarf;
				ENABLE_STRICT_OBJC_MSGSEND = YES;
				ENABLE_TESTABILITY = YES;
				GCC_C_LANGUAGE_STANDARD = gnu99;
				GCC_DYNAMIC_NO_PIC = NO;
				GCC_NO_COMMON_BLOCKS = YES;
				GCC_OPTIMIZATION_LEVEL = 0;
				GCC_PREPROCESSOR_DEFINITIONS = (
					"DEBUG=1",
					"$(inherited)",
				);
				GCC_WARN_64_TO_32_BIT_CONVERSION = YES;
				GCC_WARN_ABOUT_RETURN_TYPE = YES_ERROR;
				GCC_WARN_UNDECLARED_SELECTOR = YES;
				GCC_WARN_UNINITIALIZED_AUTOS = YES_AGGRESSIVE;
				GCC_WARN_UNUSED_FUNCTION = YES;
				GCC_WARN_UNUSED_VARIABLE = YES;
				MACOSX_DEPLOYMENT_TARGET = 10.10;
				MTL_ENABLE_DEBUG_INFO = YES;
				ONLY_ACTIVE_ARCH = YES;
				SDKROOT = macosx;
				SWIFT_OPTIMIZATION_LEVEL = "-Onone";
			};
			name = Debug;
		};
		D41E98AB1BAC6CAB00C0B101 /* Release */ = {
			isa = XCBuildConfiguration;
			buildSettings = {
				ALWAYS_SEARCH_USER_PATHS = NO;
				CLANG_CXX_LANGUAGE_STANDARD = "gnu++0x";
				CLANG_CXX_LIBRARY = "libc++";
				CLANG_ENABLE_MODULES = YES;
				CLANG_ENABLE_OBJC_ARC = YES;
				CLANG_WARN_BOOL_CONVERSION = YES;
				CLANG_WARN_CONSTANT_CONVERSION = YES;
				CLANG_WARN_DIRECT_OBJC_ISA_USAGE = YES_ERROR;
				CLANG_WARN_EMPTY_BODY = YES;
				CLANG_WARN_ENUM_CONVERSION = YES;
				CLANG_WARN_INT_CONVERSION = YES;
				CLANG_WARN_OBJC_ROOT_CLASS = YES_ERROR;
				CLANG_WARN_UNREACHABLE_CODE = YES;
				CLANG_WARN__DUPLICATE_METHOD_MATCH = YES;
				CODE_SIGN_IDENTITY = "-";
				COPY_PHASE_STRIP = NO;
				DEBUG_INFORMATION_FORMAT = "dwarf-with-dsym";
				ENABLE_NS_ASSERTIONS = NO;
				ENABLE_STRICT_OBJC_MSGSEND = YES;
				GCC_C_LANGUAGE_STANDARD = gnu99;
				GCC_NO_COMMON_BLOCKS = YES;
				GCC_WARN_64_TO_32_BIT_CONVERSION = YES;
				GCC_WARN_ABOUT_RETURN_TYPE = YES_ERROR;
				GCC_WARN_UNDECLARED_SELECTOR = YES;
				GCC_WARN_UNINITIALIZED_AUTOS = YES_AGGRESSIVE;
				GCC_WARN_UNUSED_FUNCTION = YES;
				GCC_WARN_UNUSED_VARIABLE = YES;
				MACOSX_DEPLOYMENT_TARGET = 10.10;
				MTL_ENABLE_DEBUG_INFO = NO;
				SDKROOT = macosx;
			};
			name = Release;
		};
		D41E98AD1BAC6CAB00C0B101 /* Debug */ = {
			isa = XCBuildConfiguration;
			buildSettings = {
				ASSETCATALOG_COMPILER_APPICON_NAME = AppIcon;
				COMBINE_HIDPI_IMAGES = YES;
				EMBEDDED_CONTENT_CONTAINS_SWIFT = YES;
				INFOPLIST_FILE = Notify/Info.plist;
				LD_RUNPATH_SEARCH_PATHS = "$(inherited) @executable_path/../Frameworks";
				MACOSX_DEPLOYMENT_TARGET = 10.10;
				PRODUCT_BUNDLE_IDENTIFIER = aghassi.Notify;
				PRODUCT_NAME = "$(TARGET_NAME)";
			};
			name = Debug;
		};
		D41E98AE1BAC6CAB00C0B101 /* Release */ = {
			isa = XCBuildConfiguration;
			buildSettings = {
				ASSETCATALOG_COMPILER_APPICON_NAME = AppIcon;
				COMBINE_HIDPI_IMAGES = YES;
				EMBEDDED_CONTENT_CONTAINS_SWIFT = YES;
				INFOPLIST_FILE = Notify/Info.plist;
				LD_RUNPATH_SEARCH_PATHS = "$(inherited) @executable_path/../Frameworks";
				MACOSX_DEPLOYMENT_TARGET = 10.10;
				PRODUCT_BUNDLE_IDENTIFIER = aghassi.Notify;
				PRODUCT_NAME = "$(TARGET_NAME)";
			};
			name = Release;
		};
		D41E98B01BAC6CAB00C0B101 /* Debug */ = {
			isa = XCBuildConfiguration;
			buildSettings = {
				BUNDLE_LOADER = "$(TEST_HOST)";
				COMBINE_HIDPI_IMAGES = YES;
				INFOPLIST_FILE = NotifyTests/Info.plist;
				LD_RUNPATH_SEARCH_PATHS = "$(inherited) @executable_path/../Frameworks @loader_path/../Frameworks";
				PRODUCT_BUNDLE_IDENTIFIER = aghassi.NotifyTests;
				PRODUCT_NAME = "$(TARGET_NAME)";
				TEST_HOST = "$(BUILT_PRODUCTS_DIR)/Notify.app/Contents/MacOS/Notify";
			};
			name = Debug;
		};
		D41E98B11BAC6CAB00C0B101 /* Release */ = {
			isa = XCBuildConfiguration;
			buildSettings = {
				BUNDLE_LOADER = "$(TEST_HOST)";
				COMBINE_HIDPI_IMAGES = YES;
				INFOPLIST_FILE = NotifyTests/Info.plist;
				LD_RUNPATH_SEARCH_PATHS = "$(inherited) @executable_path/../Frameworks @loader_path/../Frameworks";
				PRODUCT_BUNDLE_IDENTIFIER = aghassi.NotifyTests;
				PRODUCT_NAME = "$(TARGET_NAME)";
				TEST_HOST = "$(BUILT_PRODUCTS_DIR)/Notify.app/Contents/MacOS/Notify";
			};
			name = Release;
		};
		D41E98B31BAC6CAB00C0B101 /* Debug */ = {
			isa = XCBuildConfiguration;
			buildSettings = {
				COMBINE_HIDPI_IMAGES = YES;
				INFOPLIST_FILE = NotifyUITests/Info.plist;
				LD_RUNPATH_SEARCH_PATHS = "$(inherited) @executable_path/../Frameworks @loader_path/../Frameworks";
				PRODUCT_BUNDLE_IDENTIFIER = aghassi.NotifyUITests;
				PRODUCT_NAME = "$(TARGET_NAME)";
				TEST_TARGET_NAME = Notify;
				USES_XCTRUNNER = YES;
			};
			name = Debug;
		};
		D41E98B41BAC6CAB00C0B101 /* Release */ = {
			isa = XCBuildConfiguration;
			buildSettings = {
				COMBINE_HIDPI_IMAGES = YES;
				INFOPLIST_FILE = NotifyUITests/Info.plist;
				LD_RUNPATH_SEARCH_PATHS = "$(inherited) @executable_path/../Frameworks @loader_path/../Frameworks";
				PRODUCT_BUNDLE_IDENTIFIER = aghassi.NotifyUITests;
				PRODUCT_NAME = "$(TARGET_NAME)";
				TEST_TARGET_NAME = Notify;
				USES_XCTRUNNER = YES;
			};
			name = Release;
		};
/* End XCBuildConfiguration section */

/* Begin XCConfigurationList section */
		D41E98821BAC6CAB00C0B101 /* Build configuration list for PBXProject "Notify" */ = {
			isa = XCConfigurationList;
			buildConfigurations = (
				D41E98AA1BAC6CAB00C0B101 /* Debug */,
				D41E98AB1BAC6CAB00C0B101 /* Release */,
			);
			defaultConfigurationIsVisible = 0;
			defaultConfigurationName = Release;
		};
		D41E98AC1BAC6CAB00C0B101 /* Build configuration list for PBXNativeTarget "Notify" */ = {
			isa = XCConfigurationList;
			buildConfigurations = (
				D41E98AD1BAC6CAB00C0B101 /* Debug */,
				D41E98AE1BAC6CAB00C0B101 /* Release */,
			);
			defaultConfigurationIsVisible = 0;
			defaultConfigurationName = Release;
		};
		D41E98AF1BAC6CAB00C0B101 /* Build configuration list for PBXNativeTarget "NotifyTests" */ = {
			isa = XCConfigurationList;
			buildConfigurations = (
				D41E98B01BAC6CAB00C0B101 /* Debug */,
				D41E98B11BAC6CAB00C0B101 /* Release */,
			);
			defaultConfigurationIsVisible = 0;
			defaultConfigurationName = Release;
		};
		D41E98B21BAC6CAB00C0B101 /* Build configuration list for PBXNativeTarget "NotifyUITests" */ = {
			isa = XCConfigurationList;
			buildConfigurations = (
				D41E98B31BAC6CAB00C0B101 /* Debug */,
				D41E98B41BAC6CAB00C0B101 /* Release */,
			);
			defaultConfigurationIsVisible = 0;
			defaultConfigurationName = Release;
		};
/* End XCConfigurationList section */
	};
	rootObject = D41E987F1BAC6CAB00C0B101 /* Project object */;
}
